
Microsoft Visual Studio Solution File, Format Version 12.00
# Visual Studio Version 16
VisualStudioVersion = 16.0.31613.86
MinimumVisualStudioVersion = 10.0.40219.1
Project("{FAE04EC0-301F-11D3-BF4B-00C04F79EFBC}") = "PlatformSpecific.Android", "PlatformSpecific\PlatformSpecific.Android\PlatformSpecific.Android.csproj", "{CBABF141-1DA9-4535-941B-2E143F825756}"
EndProject
Project("{FAE04EC0-301F-11D3-BF4B-00C04F79EFBC}") = "PlatformSpecific.iOS", "PlatformSpecific\PlatformSpecific.iOS\PlatformSpecific.iOS.csproj", "{AE29EBA4-D8FD-4CCF-AB4E-3E6685C86F88}"
EndProject
Project("{FAE04EC0-301F-11D3-BF4B-00C04F79EFBC}") = "PlatformSpecific", "PlatformSpecific\PlatformSpecific\PlatformSpecific.csproj", "{5EDD21D3-E3D5-4808-A7B1-35C5F21799C2}"
EndProject
Global
	GlobalSection(SolutionConfigurationPlatforms) = preSolution
		Debug|Any CPU = Debug|Any CPU
		Debug|iPhone = Debug|iPhone
		Debug|iPhoneSimulator = Debug|iPhoneSimulator
		Release|Any CPU = Release|Any CPU
		Release|iPhone = Release|iPhone
		Release|iPhoneSimulator = Release|iPhoneSimulator
	EndGlobalSection
	GlobalSection(ProjectConfigurationPlatforms) = postSolution
		{CBABF141-1DA9-4535-941B-2E143F825756}.Debug|Any CPU.ActiveCfg = Debug|Any CPU
		{CBABF141-1DA9-4535-941B-2E143F825756}.Debug|Any CPU.Build.0 = Debug|Any CPU
		{CBABF141-1DA9-4535-941B-2E143F825756}.Debug|Any CPU.Deploy.0 = Debug|Any CPU
		{CBABF141-1DA9-4535-941B-2E143F825756}.Debug|iPhone.ActiveCfg = Debug|Any CPU
		{CBABF141-1DA9-4535-941B-2E143F825756}.Debug|iPhone.Build.0 = Debug|Any CPU
		{CBABF141-1DA9-4535-941B-2E143F825756}.Debug|iPhone.Deploy.0 = Debug|Any CPU
		{CBABF141-1DA9-4535-941B-2E143F825756}.Debug|iPhoneSimulator.ActiveCfg = Debug|Any CPU
		{CBABF141-1DA9-4535-941B-2E143F825756}.Debug|iPhoneSimulator.Build.0 = Debug|Any CPU
		{CBABF141-1DA9-4535-941B-2E143F825756}.Debug|iPhoneSimulator.Deploy.0 = Debug|Any CPU
		{CBABF141-1DA9-4535-941B-2E143F825756}.Release|Any CPU.ActiveCfg = Release|Any CPU
		{CBABF141-1DA9-4535-941B-2E143F825756}.Release|Any CPU.Build.0 = Release|Any CPU
		{CBABF141-1DA9-4535-941B-2E143F825756}.Release|Any CPU.Deploy.0 = Release|Any CPU
		{CBABF141-1DA9-4535-941B-2E143F825756}.Release|iPhone.ActiveCfg = Release|Any CPU
		{CBABF141-1DA9-4535-941B-2E143F825756}.Release|iPhone.Build.0 = Release|Any CPU
		{CBABF141-1DA9-4535-941B-2E143F825756}.Release|iPhone.Deploy.0 = Release|Any CPU
		{CBABF141-1DA9-4535-941B-2E143F825756}.Release|iPhoneSimulator.ActiveCfg = Release|Any CPU
		{CBABF141-1DA9-4535-941B-2E143F825756}.Release|iPhoneSimulator.Build.0 = Release|Any CPU
		{CBABF141-1DA9-4535-941B-2E143F825756}.Release|iPhoneSimulator.Deploy.0 = Release|Any CPU
		{AE29EBA4-D8FD-4CCF-AB4E-3E6685C86F88}.Debug|Any CPU.ActiveCfg = Debug|iPhone
		{AE29EBA4-D8FD-4CCF-AB4E-3E6685C86F88}.Debug|Any CPU.Build.0 = Debug|iPhone
		{AE29EBA4-D8FD-4CCF-AB4E-3E6685C86F88}.Debug|Any CPU.Deploy.0 = Debug|iPhone
		{AE29EBA4-D8FD-4CCF-AB4E-3E6685C86F88}.Debug|iPhone.ActiveCfg = Debug|iPhone
		{AE29EBA4-D8FD-4CCF-AB4E-3E6685C86F88}.Debug|iPhone.Build.0 = Debug|iPhone
		{AE29EBA4-D8FD-4CCF-AB4E-3E6685C86F88}.Debug|iPhone.Deploy.0 = Debug|iPhone
		{AE29EBA4-D8FD-4CCF-AB4E-3E6685C86F88}.Debug|iPhoneSimulator.ActiveCfg = Debug|iPhoneSimulator
		{AE29EBA4-D8FD-4CCF-AB4E-3E6685C86F88}.Debug|iPhoneSimulator.Build.0 = Debug|iPhoneSimulator
		{AE29EBA4-D8FD-4CCF-AB4E-3E6685C86F88}.Debug|iPhoneSimulator.Deploy.0 = Debug|iPhoneSimulator
		{AE29EBA4-D8FD-4CCF-AB4E-3E6685C86F88}.Release|Any CPU.ActiveCfg = Release|iPhoneSimulator
		{AE29EBA4-D8FD-4CCF-AB4E-3E6685C86F88}.Release|Any CPU.Build.0 = Release|iPhoneSimulator
		{AE29EBA4-D8FD-4CCF-AB4E-3E6685C86F88}.Release|Any CPU.Deploy.0 = Release|iPhoneSimulator
		{AE29EBA4-D8FD-4CCF-AB4E-3E6685C86F88}.Release|iPhone.ActiveCfg = Release|iPhone
		{AE29EBA4-D8FD-4CCF-AB4E-3E6685C86F88}.Release|iPhone.Build.0 = Release|iPhone
		{AE29EBA4-D8FD-4CCF-AB4E-3E6685C86F88}.Release|iPhone.Deploy.0 = Release|iPhone
		{AE29EBA4-D8FD-4CCF-AB4E-3E6685C86F88}.Release|iPhoneSimulator.ActiveCfg = Release|iPhoneSimulator
		{AE29EBA4-D8FD-4CCF-AB4E-3E6685C86F88}.Release|iPhoneSimulator.Build.0 = Release|iPhoneSimulator
		{AE29EBA4-D8FD-4CCF-AB4E-3E6685C86F88}.Release|iPhoneSimulator.Deploy.0 = Release|iPhoneSimulator
		{5EDD21D3-E3D5-4808-A7B1-35C5F21799C2}.Debug|Any CPU.ActiveCfg = Debug|Any CPU
		{5EDD21D3-E3D5-4808-A7B1-35C5F21799C2}.Debug|Any CPU.Build.0 = Debug|Any CPU
		{5EDD21D3-E3D5-4808-A7B1-35C5F21799C2}.Debug|Any CPU.Deploy.0 = Debug|Any CPU
		{5EDD21D3-E3D5-4808-A7B1-35C5F21799C2}.Debug|iPhone.ActiveCfg = Debug|Any CPU
		{5EDD21D3-E3D5-4808-A7B1-35C5F21799C2}.Debug|iPhone.Build.0 = Debug|Any CPU
		{5EDD21D3-E3D5-4808-A7B1-35C5F21799C2}.Debug|iPhone.Deploy.0 = Debug|Any CPU
		{5EDD21D3-E3D5-4808-A7B1-35C5F21799C2}.Debug|iPhoneSimulator.ActiveCfg = Debug|Any CPU
		{5EDD21D3-E3D5-4808-A7B1-35C5F21799C2}.Debug|iPhoneSimulator.Build.0 = Debug|Any CPU
		{5EDD21D3-E3D5-4808-A7B1-35C5F21799C2}.Debug|iPhoneSimulator.Deploy.0 = Debug|Any CPU
		{5EDD21D3-E3D5-4808-A7B1-35C5F21799C2}.Release|Any CPU.ActiveCfg = Release|Any CPU
		{5EDD21D3-E3D5-4808-A7B1-35C5F21799C2}.Release|Any CPU.Build.0 = Release|Any CPU
		{5EDD21D3-E3D5-4808-A7B1-35C5F21799C2}.Release|Any CPU.Deploy.0 = Release|Any CPU
		{5EDD21D3-E3D5-4808-A7B1-35C5F21799C2}.Release|iPhone.ActiveCfg = Release|Any CPU
		{5EDD21D3-E3D5-4808-A7B1-35C5F21799C2}.Release|iPhone.Build.0 = Release|Any CPU
		{5EDD21D3-E3D5-4808-A7B1-35C5F21799C2}.Release|iPhone.Deploy.0 = Release|Any CPU
		{5EDD21D3-E3D5-4808-A7B1-35C5F21799C2}.Release|iPhoneSimulator.ActiveCfg = Release|Any CPU
		{5EDD21D3-E3D5-4808-A7B1-35C5F21799C2}.Release|iPhoneSimulator.Build.0 = Release|Any CPU
		{5EDD21D3-E3D5-4808-A7B1-35C5F21799C2}.Release|iPhoneSimulator.Deploy.0 = Release|Any CPU
	EndGlobalSection
	GlobalSection(SolutionProperties) = preSolution
		HideSolutionNode = FALSE
	EndGlobalSection
	GlobalSection(ExtensibilityGlobals) = postSolution
		SolutionGuid = {20AEA18B-10A7-4356-BE9A-EE9BE65CFD69}
	EndGlobalSection
EndGlobal
